schema: '2.0'
stages:
  ingest:
    cmd: python -m src.pipeline.training_pipeline --stage ingest
    deps:
    - path: src/data_ingestion.py
      hash: md5
      md5: 77913288682246f2aa38ff6e4c5c17a7
      size: 4926
    - path: src/pipeline/training_pipeline.py
      hash: md5
      md5: 5513246025607f6af4194d900ccc0659
      size: 1420
    outs:
    - path: data/raw/loan_data.csv
      hash: md5
      md5: 8792a6c3496aefe8f81bccbc8ffe1b98
      size: 132729232
  validate:
    cmd: python -m src.pipeline.training_pipeline --stage validate
    deps:
    - path: data/raw/loan_data.csv
      hash: md5
      md5: 8792a6c3496aefe8f81bccbc8ffe1b98
      size: 132729232
    - path: src/data_validation.py
      hash: md5
      md5: 1972cda2509eed2bdd00d0c43e3ae50f
      size: 1390
    - path: src/pipeline/training_pipeline.py
      hash: md5
      md5: 5513246025607f6af4194d900ccc0659
      size: 1420
  transform:
    cmd: python -m src.pipeline.training_pipeline --stage transform
    deps:
    - path: data/raw/loan_data.csv
      hash: md5
      md5: 8792a6c3496aefe8f81bccbc8ffe1b98
      size: 132729232
    - path: src/data_transformation.py
      hash: md5
      md5: b72716acb9156c3573299c25d0232ed1
      size: 4429
    - path: src/pipeline/training_pipeline.py
      hash: md5
      md5: 5513246025607f6af4194d900ccc0659
      size: 1420
    outs:
    - path: data/processed/processed_data.csv
      hash: md5
      md5: e336d4f385d7c573d5d000cab88f9b5d
      size: 45386204
  train:
    cmd: python -m src.pipeline.training_pipeline --stage train
    deps:
    - path: data/processed/processed_data.csv
      hash: md5
      md5: e336d4f385d7c573d5d000cab88f9b5d
      size: 45386204
    - path: src/pipeline/training_pipeline.py
      hash: md5
      md5: 5513246025607f6af4194d900ccc0659
      size: 1420
    - path: src/train.py
      hash: md5
      md5: 81b7ba03804ca75e21c26ae3e0d6e3a4
      size: 3009
    outs:
    - path: models/RFC_model.pkl
      hash: md5
      md5: 11a047a17ceb0c660c3216f4931e0daa
      size: 4500697
