schema: '2.0'
stages:
  ingest:
    cmd: python -m src.pipeline.training_pipeline --stage ingest
    deps:
    - path: src/data_ingestion.py
      hash: md5
      md5: 77913288682246f2aa38ff6e4c5c17a7
      size: 4926
    - path: src/pipeline/training_pipeline.py
      hash: md5
      md5: e9f91b5edfced1020bddd58bf2448252
      size: 1740
    outs:
    - path: data/raw/loan_data.csv
      hash: md5
      md5: 8792a6c3496aefe8f81bccbc8ffe1b98
      size: 132729232
  validate:
    cmd: python -m src.pipeline.training_pipeline --stage validate
    deps:
    - path: data/raw/loan_data.csv
      hash: md5
      md5: 8792a6c3496aefe8f81bccbc8ffe1b98
      size: 132729232
    - path: src/data_validation.py
      hash: md5
      md5: 1972cda2509eed2bdd00d0c43e3ae50f
      size: 1390
    - path: src/pipeline/training_pipeline.py
      hash: md5
      md5: e9f91b5edfced1020bddd58bf2448252
      size: 1740
  transform:
    cmd: python -m src.pipeline.training_pipeline --stage transform
    deps:
    - path: data/raw/loan_data.csv
      hash: md5
      md5: 8792a6c3496aefe8f81bccbc8ffe1b98
      size: 132729232
    - path: src/data_transformation.py
      hash: md5
      md5: b72716acb9156c3573299c25d0232ed1
      size: 4429
    - path: src/pipeline/training_pipeline.py
      hash: md5
      md5: e9f91b5edfced1020bddd58bf2448252
      size: 1740
    outs:
    - path: data/processed/processed_data.csv
      hash: md5
      md5: e336d4f385d7c573d5d000cab88f9b5d
      size: 45386204
  train:
    cmd: python -m src.pipeline.training_pipeline --stage train
    deps:
    - path: data/processed/processed_data.csv
      hash: md5
      md5: e336d4f385d7c573d5d000cab88f9b5d
      size: 45386204
    - path: src/pipeline/training_pipeline.py
      hash: md5
      md5: e9f91b5edfced1020bddd58bf2448252
      size: 1740
    - path: src/train.py
      hash: md5
      md5: 1913ea2003abf72c7cb00e1ea80fb556
      size: 3051
    outs:
    - path: models/RFC_model.pkl
      hash: md5
      md5: f3bfefc6d2faf862e6f00dec2550f820
      size: 4537027
  evaluate:
    cmd: python -m src.pipeline.training_pipeline --stage evaluate
    deps:
    - path: data/processed/processed_data.csv
      hash: md5
      md5: e336d4f385d7c573d5d000cab88f9b5d
      size: 45386204
    - path: models/RFC_model.pkl
      hash: md5
      md5: f3bfefc6d2faf862e6f00dec2550f820
      size: 4537027
    - path: src/evaluate.py
      hash: md5
      md5: 078b93774d05385e82fdb1dd11bca2bd
      size: 4324
    - path: src/pipeline/training_pipeline.py
      hash: md5
      md5: e9f91b5edfced1020bddd58bf2448252
      size: 1740
    outs:
    - path: reports/metrics.json
      hash: md5
      md5: 37632ea5e1580bada7eaf088a66ebb0b
      size: 179
